
Microsoft Visual Studio Solution File, Format Version 12.00
# Visual Studio 14
VisualStudioVersion = 14.0.23107.0
MinimumVisualStudioVersion = 10.0.40219.1
Project("{FAE04EC0-301F-11D3-BF4B-00C04F79EFBC}") = "ConsoleMonitor", "ConsoleMonitor\ConsoleMonitor.csproj", "{F1CE6E6F-C811-4BD8-BE72-5AD4C358D800}"
EndProject
Global
	GlobalSection(SolutionConfigurationPlatforms) = preSolution
		Debug|Any CPU = Debug|Any CPU
		Release|Any CPU = Release|Any CPU
	EndGlobalSection
	GlobalSection(ProjectConfigurationPlatforms) = postSolution
		{F1CE6E6F-C811-4BD8-BE72-5AD4C358D800}.Debug|Any CPU.ActiveCfg = Debug|Any CPU
		{F1CE6E6F-C811-4BD8-BE72-5AD4C358D800}.Debug|Any CPU.Build.0 = Debug|Any CPU
		{F1CE6E6F-C811-4BD8-BE72-5AD4C358D800}.Release|Any CPU.ActiveCfg = Release|Any CPU
		{F1CE6E6F-C811-4BD8-BE72-5AD4C358D800}.Release|Any CPU.Build.0 = Release|Any CPU
	EndGlobalSection
	GlobalSection(SolutionProperties) = preSolution
		HideSolutionNode = FALSE
	EndGlobalSection
	GlobalSection(TeamFoundationVersionControl) = preSolution
		SccNumberOfProjects = 2
		SccEnterpriseProvider = {4CA58AB2-18FA-4F8D-95D4-32DDF27D184C}
		SccTeamFoundationServer = https://khawtaan.visualstudio.com/defaultcollection
		SccLocalPath0 = .
		SccProjectUniqueName1 = ConsoleMonitor\\ConsoleMonitor.csproj
		SccProjectName1 = ConsoleMonitor
		SccLocalPath1 = ConsoleMonitor
	EndGlobalSection
EndGlobal
